{
    "requires": true,
    "lockfileVersion": 1,
    "dependencies": {
        "smartwizard": {
            "version": "5.0.0",
            "resolved": "https://registry.npmjs.org/smartwizard/-/smartwizard-5.0.0.tgz",
            "integrity": "sha512-vcJGoQDRhWyl5Ff9bst/C6BAbNC7prNbpc8c/PHjctaE5cZuHRZuVMa9Uopa2Ydn7H0dcE35dPR6Y65LFEMFBw=="
        }
    }
}
